// !$*UTF8*$!
{
	archiveVersion = 1;
	classes = {
	};
	objectVersion = 77;
	objects = {

/* Begin PBXBuildFile section */
		6E07153B2D097FFC0054DECF /* AppIntent.swift in Sources */ = {isa = PBXBuildFile; fileRef = 6E0715352D097FFC0054DECF /* AppIntent.swift */; };
		6E07153C2D097FFC0054DECF /* LLWidget.swift in Sources */ = {isa = PBXBuildFile; fileRef = 6E0715392D097FFC0054DECF /* LLWidget.swift */; };
		6E07153D2D097FFC0054DECF /* LLWidgetBundle.swift in Sources */ = {isa = PBXBuildFile; fileRef = 6E07153A2D097FFC0054DECF /* LLWidgetBundle.swift */; };
		6E07153E2D097FFC0054DECF /* Assets.xcassets in Resources */ = {isa = PBXBuildFile; fileRef = 6E0715362D097FFC0054DECF /* Assets.xcassets */; };
		6E0715452D09B11F0054DECF /* Module-example.swift in Sources */ = {isa = PBXBuildFile; fileRef = 6E0715442D09B11F0054DECF /* Module-example.swift */; };
		7A184FC52D02E09F00F87E97 /* WidgetKit.framework in Frameworks */ = {isa = PBXBuildFile; fileRef = 7A184FC42D02E09F00F87E97 /* WidgetKit.framework */; };
		7A184FC72D02E09F00F87E97 /* SwiftUI.framework in Frameworks */ = {isa = PBXBuildFile; fileRef = 7A184FC62D02E09F00F87E97 /* SwiftUI.framework */; };
		7A184FD62D02E0A100F87E97 /* LLWidgetExtension.appex in Embed Foundation Extensions */ = {isa = PBXBuildFile; fileRef = 7A184FC32D02E09F00F87E97 /* LLWidgetExtension.appex */; settings = {ATTRIBUTES = (RemoveHeadersOnCopy, ); }; };
		7A184FDD2D02E4D400F87E97 /* Data in Frameworks */ = {isa = PBXBuildFile; productRef = 7A184FDC2D02E4D400F87E97 /* Data */; };
		7A5C19FC2D00A32A000D3AD7 /* HomeScreenSnapshotTest.swift in Sources */ = {isa = PBXBuildFile; fileRef = 7A5C19FA2D00A32A000D3AD7 /* HomeScreenSnapshotTest.swift */; };
		7A5C19FE2D00A362000D3AD7 /* Data in Frameworks */ = {isa = PBXBuildFile; productRef = 7A5C19FD2D00A362000D3AD7 /* Data */; };
		7A5C1A002D00A36C000D3AD7 /* InlineSnapshotTesting in Frameworks */ = {isa = PBXBuildFile; productRef = 7A5C19FF2D00A36C000D3AD7 /* InlineSnapshotTesting */; };
		7A5C1A022D00A36C000D3AD7 /* SnapshotTesting in Frameworks */ = {isa = PBXBuildFile; productRef = 7A5C1A012D00A36C000D3AD7 /* SnapshotTesting */; };
		7A5C1A0B2D00A4FA000D3AD7 /* ModuleUnitTest.swift in Sources */ = {isa = PBXBuildFile; fileRef = 7A5C1A0A2D00A4FA000D3AD7 /* ModuleUnitTest.swift */; };
		7A7306E72CD4E2B400DBABD9 /* Styleguide in Frameworks */ = {isa = PBXBuildFile; productRef = 7A7306E62CD4E2B400DBABD9 /* Styleguide */; };
		7A7306E92CD4E2B400DBABD9 /* UIComponents in Frameworks */ = {isa = PBXBuildFile; productRef = 7A7306E82CD4E2B400DBABD9 /* UIComponents */; };
		7A750C952CE93DF3005EA71B /* SwiftfulRouting in Frameworks */ = {isa = PBXBuildFile; productRef = 7A750C942CE93DF3005EA71B /* SwiftfulRouting */; };
		7AA1C6AD2CF8B77B00949B69 /* LLExtensions in Frameworks */ = {isa = PBXBuildFile; productRef = 7AA1C6AC2CF8B77B00949B69 /* LLExtensions */; };
		7AC514212CD3F6E800F4E6AA /* LaunchLabApp.swift in Sources */ = {isa = PBXBuildFile; fileRef = 7AC514182CD3F6E800F4E6AA /* LaunchLabApp.swift */; };
		7AC514232CD3F6E800F4E6AA /* Assets.xcassets in Resources */ = {isa = PBXBuildFile; fileRef = 7AC5141E2CD3F6E800F4E6AA /* Assets.xcassets */; };
		7AC514242CD3F6E800F4E6AA /* Preview Assets.xcassets in Resources */ = {isa = PBXBuildFile; fileRef = 7AC5141A2CD3F6E800F4E6AA /* Preview Assets.xcassets */; };
		7AC514252CD3F6E800F4E6AA /* .swiftformat in Resources */ = {isa = PBXBuildFile; fileRef = 7AC5141C2CD3F6E800F4E6AA /* .swiftformat */; };
		7AC514262CD3F6E800F4E6AA /* .swiftlint.yml in Resources */ = {isa = PBXBuildFile; fileRef = 7AC5141D2CD3F6E800F4E6AA /* .swiftlint.yml */; };
		7AD9EFAB2CF999A600FF0BDD /* Data in Frameworks */ = {isa = PBXBuildFile; productRef = 7AD9EFAA2CF999A600FF0BDD /* Data */; };
/* End PBXBuildFile section */

/* Begin PBXContainerItemProxy section */
		7A184FD42D02E0A100F87E97 /* PBXContainerItemProxy */ = {
			isa = PBXContainerItemProxy;
			containerPortal = 7AAC1F652CD28E84002C6042 /* Project object */;
			proxyType = 1;
			remoteGlobalIDString = 7A184FC22D02E09F00F87E97;
			remoteInfo = LLWidgetExtension;
		};
		7A5C19F52D00A2CA000D3AD7 /* PBXContainerItemProxy */ = {
			isa = PBXContainerItemProxy;
			containerPortal = 7AAC1F652CD28E84002C6042 /* Project object */;
			proxyType = 1;
			remoteGlobalIDString = 7AAC1F6C2CD28E84002C6042;
			remoteInfo = LaunchLab;
		};
/* End PBXContainerItemProxy section */

/* Begin PBXCopyFilesBuildPhase section */
		7A184FDB2D02E0A100F87E97 /* Embed Foundation Extensions */ = {
			isa = PBXCopyFilesBuildPhase;
			buildActionMask = 2147483647;
			dstPath = "";
			dstSubfolderSpec = 13;
			files = (
				7A184FD62D02E0A100F87E97 /* LLWidgetExtension.appex in Embed Foundation Extensions */,
			);
			name = "Embed Foundation Extensions";
			runOnlyForDeploymentPostprocessing = 0;
		};
/* End PBXCopyFilesBuildPhase section */

/* Begin PBXFileReference section */
		6E0715352D097FFC0054DECF /* AppIntent.swift */ = {isa = PBXFileReference; lastKnownFileType = sourcecode.swift; path = AppIntent.swift; sourceTree = "<group>"; };
		6E0715362D097FFC0054DECF /* Assets.xcassets */ = {isa = PBXFileReference; lastKnownFileType = folder.assetcatalog; path = Assets.xcassets; sourceTree = "<group>"; };
		6E0715382D097FFC0054DECF /* Info.plist */ = {isa = PBXFileReference; lastKnownFileType = text.plist.xml; path = Info.plist; sourceTree = "<group>"; };
		6E0715392D097FFC0054DECF /* LLWidget.swift */ = {isa = PBXFileReference; lastKnownFileType = sourcecode.swift; path = LLWidget.swift; sourceTree = "<group>"; };
		6E07153A2D097FFC0054DECF /* LLWidgetBundle.swift */ = {isa = PBXFileReference; lastKnownFileType = sourcecode.swift; path = LLWidgetBundle.swift; sourceTree = "<group>"; };
		6E0715442D09B11F0054DECF /* Module-example.swift */ = {isa = PBXFileReference; lastKnownFileType = sourcecode.swift; path = "Module-example.swift"; sourceTree = "<group>"; };
		7A184FC32D02E09F00F87E97 /* LLWidgetExtension.appex */ = {isa = PBXFileReference; explicitFileType = "wrapper.app-extension"; includeInIndex = 0; path = LLWidgetExtension.appex; sourceTree = BUILT_PRODUCTS_DIR; };
		7A184FC42D02E09F00F87E97 /* WidgetKit.framework */ = {isa = PBXFileReference; lastKnownFileType = wrapper.framework; name = WidgetKit.framework; path = System/Library/Frameworks/WidgetKit.framework; sourceTree = SDKROOT; };
		7A184FC62D02E09F00F87E97 /* SwiftUI.framework */ = {isa = PBXFileReference; lastKnownFileType = wrapper.framework; name = SwiftUI.framework; path = System/Library/Frameworks/SwiftUI.framework; sourceTree = SDKROOT; };
		7A5C19F12D00A2CA000D3AD7 /* LaunchLabTests.xctest */ = {isa = PBXFileReference; explicitFileType = wrapper.cfbundle; includeInIndex = 0; path = LaunchLabTests.xctest; sourceTree = BUILT_PRODUCTS_DIR; };
		7A5C19FA2D00A32A000D3AD7 /* HomeScreenSnapshotTest.swift */ = {isa = PBXFileReference; lastKnownFileType = sourcecode.swift; path = HomeScreenSnapshotTest.swift; sourceTree = "<group>"; };
		7A5C1A0A2D00A4FA000D3AD7 /* ModuleUnitTest.swift */ = {isa = PBXFileReference; lastKnownFileType = sourcecode.swift; path = ModuleUnitTest.swift; sourceTree = "<group>"; };
		7A6ADE3F2D3100B700BCA47C /* LaunchLab-Info.plist */ = {isa = PBXFileReference; lastKnownFileType = text.plist; path = "LaunchLab-Info.plist"; sourceTree = "<group>"; };
		7A7306E52CD4E25100DBABD9 /* UIComponents */ = {isa = PBXFileReference; lastKnownFileType = wrapper; path = UIComponents; sourceTree = "<group>"; };
		7AA1C6AB2CF8B6EE00949B69 /* LLExtensions */ = {isa = PBXFileReference; lastKnownFileType = wrapper; path = LLExtensions; sourceTree = "<group>"; };
		7AAC1F6D2CD28E84002C6042 /* LaunchLab.app */ = {isa = PBXFileReference; explicitFileType = wrapper.application; includeInIndex = 0; path = LaunchLab.app; sourceTree = BUILT_PRODUCTS_DIR; };
		7AC514182CD3F6E800F4E6AA /* LaunchLabApp.swift */ = {isa = PBXFileReference; lastKnownFileType = sourcecode.swift; path = LaunchLabApp.swift; sourceTree = "<group>"; };
		7AC5141A2CD3F6E800F4E6AA /* Preview Assets.xcassets */ = {isa = PBXFileReference; lastKnownFileType = folder.assetcatalog; path = "Preview Assets.xcassets"; sourceTree = "<group>"; };
		7AC5141C2CD3F6E800F4E6AA /* .swiftformat */ = {isa = PBXFileReference; lastKnownFileType = text; path = .swiftformat; sourceTree = "<group>"; };
		7AC5141D2CD3F6E800F4E6AA /* .swiftlint.yml */ = {isa = PBXFileReference; lastKnownFileType = text.yaml; path = .swiftlint.yml; sourceTree = "<group>"; };
		7AC5141E2CD3F6E800F4E6AA /* Assets.xcassets */ = {isa = PBXFileReference; lastKnownFileType = folder.assetcatalog; path = Assets.xcassets; sourceTree = "<group>"; };
		7AC5141F2CD3F6E800F4E6AA /* LaunchLab.entitlements */ = {isa = PBXFileReference; lastKnownFileType = text.plist.entitlements; path = LaunchLab.entitlements; sourceTree = "<group>"; };
		7ACAB62A2CD4E1D5000D2BE1 /* Styleguide */ = {isa = PBXFileReference; lastKnownFileType = wrapper; path = Styleguide; sourceTree = "<group>"; };
		7AD9EFA92CF9999A00FF0BDD /* Data */ = {isa = PBXFileReference; lastKnownFileType = wrapper; path = Data; sourceTree = "<group>"; };
/* End PBXFileReference section */

/* Begin PBXFileSystemSynchronizedRootGroup section */
		6E0715532D09E64A0054DECF /* Home */ = {
			isa = PBXFileSystemSynchronizedRootGroup;
			path = Home;
			sourceTree = "<group>";
		};
		6E07155D2D09E6680054DECF /* Menu */ = {
			isa = PBXFileSystemSynchronizedRootGroup;
			path = Menu;
			sourceTree = "<group>";
		};
		6E0715652D09E66C0054DECF /* Chat */ = {
			isa = PBXFileSystemSynchronizedRootGroup;
			path = Chat;
			sourceTree = "<group>";
		};
		6E07156C2D09E6960054DECF /* Onboarding */ = {
			isa = PBXFileSystemSynchronizedRootGroup;
			path = Onboarding;
			sourceTree = "<group>";
		};
		6E0715752D09E6980054DECF /* Module */ = {
			isa = PBXFileSystemSynchronizedRootGroup;
			path = Module;
			sourceTree = "<group>";
		};
		6E07157E2D09EA010054DECF /* __Snapshots__ */ = {
			isa = PBXFileSystemSynchronizedRootGroup;
			path = __Snapshots__;
			sourceTree = "<group>";
		};
/* End PBXFileSystemSynchronizedRootGroup section */

/* Begin PBXFrameworksBuildPhase section */
		7A184FC02D02E09F00F87E97 /* Frameworks */ = {
			isa = PBXFrameworksBuildPhase;
			buildActionMask = 2147483647;
			files = (
				7A184FC72D02E09F00F87E97 /* SwiftUI.framework in Frameworks */,
				7A184FC52D02E09F00F87E97 /* WidgetKit.framework in Frameworks */,
				7A184FDD2D02E4D400F87E97 /* Data in Frameworks */,
			);
			runOnlyForDeploymentPostprocessing = 0;
		};
		7A5C19EE2D00A2CA000D3AD7 /* Frameworks */ = {
			isa = PBXFrameworksBuildPhase;
			buildActionMask = 2147483647;
			files = (
				7A5C1A022D00A36C000D3AD7 /* SnapshotTesting in Frameworks */,
				7A5C1A002D00A36C000D3AD7 /* InlineSnapshotTesting in Frameworks */,
				7A5C19FE2D00A362000D3AD7 /* Data in Frameworks */,
			);
			runOnlyForDeploymentPostprocessing = 0;
		};
		7AAC1F6A2CD28E84002C6042 /* Frameworks */ = {
			isa = PBXFrameworksBuildPhase;
			buildActionMask = 2147483647;
			files = (
				7AA1C6AD2CF8B77B00949B69 /* LLExtensions in Frameworks */,
				7A7306E92CD4E2B400DBABD9 /* UIComponents in Frameworks */,
				7AD9EFAB2CF999A600FF0BDD /* Data in Frameworks */,
				7A750C952CE93DF3005EA71B /* SwiftfulRouting in Frameworks */,
				7A7306E72CD4E2B400DBABD9 /* Styleguide in Frameworks */,
			);
			runOnlyForDeploymentPostprocessing = 0;
		};
/* End PBXFrameworksBuildPhase section */

/* Begin PBXGroup section */
		6E07154A2D09CD430054DECF /* LLWidget */ = {
			isa = PBXGroup;
			children = (
				6E0715352D097FFC0054DECF /* AppIntent.swift */,
				6E0715362D097FFC0054DECF /* Assets.xcassets */,
				6E0715382D097FFC0054DECF /* Info.plist */,
				6E0715392D097FFC0054DECF /* LLWidget.swift */,
				6E07153A2D097FFC0054DECF /* LLWidgetBundle.swift */,
			);
			path = LLWidget;
			sourceTree = "<group>";
		};
		7A5C19FB2D00A32A000D3AD7 /* LaunchLabTests */ = {
			isa = PBXGroup;
			children = (
				6E07157E2D09EA010054DECF /* __Snapshots__ */,
				7A5C19FA2D00A32A000D3AD7 /* HomeScreenSnapshotTest.swift */,
				7A5C1A0A2D00A4FA000D3AD7 /* ModuleUnitTest.swift */,
			);
			path = LaunchLabTests;
			sourceTree = "<group>";
		};
		7AAC1F642CD28E84002C6042 = {
			isa = PBXGroup;
			children = (
				7A6ADE3F2D3100B700BCA47C /* LaunchLab-Info.plist */,
				7AD9EFA92CF9999A00FF0BDD /* Data */,
				7AA1C6AB2CF8B6EE00949B69 /* LLExtensions */,
				7A7306E52CD4E25100DBABD9 /* UIComponents */,
				7ACAB62A2CD4E1D5000D2BE1 /* Styleguide */,
				7AC514192CD3F6E800F4E6AA /* App */,
				7AC514202CD3F6E800F4E6AA /* Configuration */,
				6E07154A2D09CD430054DECF /* LLWidget */,
				7A5C19FB2D00A32A000D3AD7 /* LaunchLabTests */,
				7AAC1FA52CD29531002C6042 /* Frameworks */,
				7AAC1F6E2CD28E84002C6042 /* Products */,
			);
			sourceTree = "<group>";
		};
		7AAC1F6E2CD28E84002C6042 /* Products */ = {
			isa = PBXGroup;
			children = (
				7AAC1F6D2CD28E84002C6042 /* LaunchLab.app */,
				7A5C19F12D00A2CA000D3AD7 /* LaunchLabTests.xctest */,
				7A184FC32D02E09F00F87E97 /* LLWidgetExtension.appex */,
			);
			name = Products;
			sourceTree = "<group>";
		};
		7AAC1FA52CD29531002C6042 /* Frameworks */ = {
			isa = PBXGroup;
			children = (
				7A184FC42D02E09F00F87E97 /* WidgetKit.framework */,
				7A184FC62D02E09F00F87E97 /* SwiftUI.framework */,
			);
			name = Frameworks;
			sourceTree = "<group>";
		};
		7AC514192CD3F6E800F4E6AA /* App */ = {
			isa = PBXGroup;
			children = (
				6E0715532D09E64A0054DECF /* Home */,
				6E07155D2D09E6680054DECF /* Menu */,
				6E0715752D09E6980054DECF /* Module */,
				6E0715652D09E66C0054DECF /* Chat */,
				6E07156C2D09E6960054DECF /* Onboarding */,
				7AC514182CD3F6E800F4E6AA /* LaunchLabApp.swift */,
			);
			path = App;
			sourceTree = "<group>";
		};
		7AC5141B2CD3F6E800F4E6AA /* Preview Content */ = {
			isa = PBXGroup;
			children = (
				7AC5141A2CD3F6E800F4E6AA /* Preview Assets.xcassets */,
				6E0715442D09B11F0054DECF /* Module-example.swift */,
			);
			path = "Preview Content";
			sourceTree = "<group>";
		};
		7AC514202CD3F6E800F4E6AA /* Configuration */ = {
			isa = PBXGroup;
			children = (
				7AC5141B2CD3F6E800F4E6AA /* Preview Content */,
				7AC5141C2CD3F6E800F4E6AA /* .swiftformat */,
				7AC5141D2CD3F6E800F4E6AA /* .swiftlint.yml */,
				7AC5141E2CD3F6E800F4E6AA /* Assets.xcassets */,
				7AC5141F2CD3F6E800F4E6AA /* LaunchLab.entitlements */,
			);
			path = Configuration;
			sourceTree = "<group>";
		};
/* End PBXGroup section */

/* Begin PBXNativeTarget section */
		7A184FC22D02E09F00F87E97 /* LLWidgetExtension */ = {
			isa = PBXNativeTarget;
			buildConfigurationList = 7A184FD82D02E0A100F87E97 /* Build configuration list for PBXNativeTarget "LLWidgetExtension" */;
			buildPhases = (
				7A184FBF2D02E09F00F87E97 /* Sources */,
				7A184FC02D02E09F00F87E97 /* Frameworks */,
				7A184FC12D02E09F00F87E97 /* Resources */,
			);
			buildRules = (
			);
			dependencies = (
			);
			name = LLWidgetExtension;
			packageProductDependencies = (
				7A184FDC2D02E4D400F87E97 /* Data */,
			);
			productName = LLWidgetExtension;
			productReference = 7A184FC32D02E09F00F87E97 /* LLWidgetExtension.appex */;
			productType = "com.apple.product-type.app-extension";
		};
		7A5C19F02D00A2CA000D3AD7 /* LaunchLabTests */ = {
			isa = PBXNativeTarget;
			buildConfigurationList = 7A5C19F72D00A2CA000D3AD7 /* Build configuration list for PBXNativeTarget "LaunchLabTests" */;
			buildPhases = (
				7A5C19ED2D00A2CA000D3AD7 /* Sources */,
				7A5C19EE2D00A2CA000D3AD7 /* Frameworks */,
				7A5C19EF2D00A2CA000D3AD7 /* Resources */,
			);
			buildRules = (
			);
			dependencies = (
				7A5C19F62D00A2CA000D3AD7 /* PBXTargetDependency */,
			);
			fileSystemSynchronizedGroups = (
				6E07157E2D09EA010054DECF /* __Snapshots__ */,
			);
			name = LaunchLabTests;
			packageProductDependencies = (
				7A5C19FD2D00A362000D3AD7 /* Data */,
				7A5C19FF2D00A36C000D3AD7 /* InlineSnapshotTesting */,
				7A5C1A012D00A36C000D3AD7 /* SnapshotTesting */,
			);
			productName = LaunchLabTests;
			productReference = 7A5C19F12D00A2CA000D3AD7 /* LaunchLabTests.xctest */;
			productType = "com.apple.product-type.bundle.unit-test";
		};
		7AAC1F6C2CD28E84002C6042 /* LaunchLab */ = {
			isa = PBXNativeTarget;
			buildConfigurationList = 7AAC1F7C2CD28E86002C6042 /* Build configuration list for PBXNativeTarget "LaunchLab" */;
			buildPhases = (
				7AAC1FB12CD296E6002C6042 /* SwiftLint */,
				7AAC1FAA2CD2958A002C6042 /* SwiftGen Generate */,
				7AAC1F692CD28E84002C6042 /* Sources */,
				7AAC1F6A2CD28E84002C6042 /* Frameworks */,
				7AAC1F6B2CD28E84002C6042 /* Resources */,
				7A184FDB2D02E0A100F87E97 /* Embed Foundation Extensions */,
			);
			buildRules = (
			);
			dependencies = (
				7A184FD52D02E0A100F87E97 /* PBXTargetDependency */,
			);
			fileSystemSynchronizedGroups = (
				6E0715532D09E64A0054DECF /* Home */,
				6E07155D2D09E6680054DECF /* Menu */,
				6E0715652D09E66C0054DECF /* Chat */,
				6E07156C2D09E6960054DECF /* Onboarding */,
				6E0715752D09E6980054DECF /* Module */,
			);
			name = LaunchLab;
			packageProductDependencies = (
				7A7306E62CD4E2B400DBABD9 /* Styleguide */,
				7A7306E82CD4E2B400DBABD9 /* UIComponents */,
				7A750C942CE93DF3005EA71B /* SwiftfulRouting */,
				7AA1C6AC2CF8B77B00949B69 /* LLExtensions */,
				7AD9EFAA2CF999A600FF0BDD /* Data */,
			);
			productName = LaunchLab;
			productReference = 7AAC1F6D2CD28E84002C6042 /* LaunchLab.app */;
			productType = "com.apple.product-type.application";
		};
/* End PBXNativeTarget section */

/* Begin PBXProject section */
		7AAC1F652CD28E84002C6042 /* Project object */ = {
			isa = PBXProject;
			attributes = {
				BuildIndependentTargetsInParallel = 1;
				LastSwiftUpdateCheck = 1610;
				LastUpgradeCheck = 1610;
				TargetAttributes = {
					7A184FC22D02E09F00F87E97 = {
						CreatedOnToolsVersion = 16.1;
					};
					7A5C19F02D00A2CA000D3AD7 = {
						CreatedOnToolsVersion = 16.1;
						TestTargetID = 7AAC1F6C2CD28E84002C6042;
					};
					7AAC1F6C2CD28E84002C6042 = {
						CreatedOnToolsVersion = 16.1;
					};
				};
			};
			buildConfigurationList = 7AAC1F682CD28E84002C6042 /* Build configuration list for PBXProject "Launchlab" */;
			developmentRegion = en;
			hasScannedForEncodings = 0;
			knownRegions = (
				en,
				Base,
			);
			mainGroup = 7AAC1F642CD28E84002C6042;
			minimizedProjectReferenceProxies = 1;
			packageReferences = (
				7A750C932CE93DF3005EA71B /* XCRemoteSwiftPackageReference "SwiftfulRouting" */,
				7A5C19E82D00A26E000D3AD7 /* XCRemoteSwiftPackageReference "swift-snapshot-testing" */,
			);
			preferredProjectObjectVersion = 77;
			productRefGroup = 7AAC1F6E2CD28E84002C6042 /* Products */;
			projectDirPath = "";
			projectRoot = "";
			targets = (
				7AAC1F6C2CD28E84002C6042 /* LaunchLab */,
				7A5C19F02D00A2CA000D3AD7 /* LaunchLabTests */,
				7A184FC22D02E09F00F87E97 /* LLWidgetExtension */,
			);
		};
/* End PBXProject section */

/* Begin PBXResourcesBuildPhase section */
		7A184FC12D02E09F00F87E97 /* Resources */ = {
			isa = PBXResourcesBuildPhase;
			buildActionMask = 2147483647;
			files = (
				6E07153E2D097FFC0054DECF /* Assets.xcassets in Resources */,
			);
			runOnlyForDeploymentPostprocessing = 0;
		};
		7A5C19EF2D00A2CA000D3AD7 /* Resources */ = {
			isa = PBXResourcesBuildPhase;
			buildActionMask = 2147483647;
			files = (
			);
			runOnlyForDeploymentPostprocessing = 0;
		};
		7AAC1F6B2CD28E84002C6042 /* Resources */ = {
			isa = PBXResourcesBuildPhase;
			buildActionMask = 2147483647;
			files = (
				7AC514232CD3F6E800F4E6AA /* Assets.xcassets in Resources */,
				7AC514242CD3F6E800F4E6AA /* Preview Assets.xcassets in Resources */,
				7AC514252CD3F6E800F4E6AA /* .swiftformat in Resources */,
				7AC514262CD3F6E800F4E6AA /* .swiftlint.yml in Resources */,
			);
			runOnlyForDeploymentPostprocessing = 0;
		};
/* End PBXResourcesBuildPhase section */

/* Begin PBXShellScriptBuildPhase section */
		7AAC1FAA2CD2958A002C6042 /* SwiftGen Generate */ = {
			isa = PBXShellScriptBuildPhase;
			alwaysOutOfDate = 1;
			buildActionMask = 2147483647;
			files = (
			);
			inputFileListPaths = (
			);
			inputPaths = (
			);
			name = "SwiftGen Generate";
			outputFileListPaths = (
			);
			outputPaths = (
			);
			runOnlyForDeploymentPostprocessing = 0;
			shellPath = /bin/sh;
			shellScript = "if test -d \"/opt/homebrew/bin/\"; then\n  PATH=\"/opt/homebrew/bin/:${PATH}\"\nfi\n\nif which swiftgen >/dev/null; then \n  swiftgen --config \"${PROJECT_DIR}/Styleguide/swiftgen.yml\"\nelse\n  echo \"warning: SwiftGen not installed, download it from https://github.com/SwiftGen/SwiftGen\"\nfi\n\n";
		};
		7AAC1FB12CD296E6002C6042 /* SwiftLint */ = {
			isa = PBXShellScriptBuildPhase;
			alwaysOutOfDate = 1;
			buildActionMask = 2147483647;
			files = (
			);
			inputFileListPaths = (
			);
			inputPaths = (
			);
			name = SwiftLint;
			outputFileListPaths = (
			);
			outputPaths = (
			);
			runOnlyForDeploymentPostprocessing = 0;
			shellPath = /bin/sh;
			shellScript = "if [[ \"$(uname -m)\" == arm64 ]]\nthen\n    export PATH=\"/opt/homebrew/bin:$PATH\"\nfi\n\nif command -v swiftlint >/dev/null 2>&1\nthen\n  CONFIG_PATH=\"${PROJECT_DIR}/Configuration/.swiftlint.yml\"\n  swiftlint --config \"$CONFIG_PATH\"\nelse\n  echo \"warning: SwiftLint not installed, download from https://github.com/realm/SwiftLint\"\nfi\n";
		};
/* End PBXShellScriptBuildPhase section */

/* Begin PBXSourcesBuildPhase section */
		7A184FBF2D02E09F00F87E97 /* Sources */ = {
			isa = PBXSourcesBuildPhase;
			buildActionMask = 2147483647;
			files = (
				6E07153B2D097FFC0054DECF /* AppIntent.swift in Sources */,
				6E07153C2D097FFC0054DECF /* LLWidget.swift in Sources */,
				6E07153D2D097FFC0054DECF /* LLWidgetBundle.swift in Sources */,
			);
			runOnlyForDeploymentPostprocessing = 0;
		};
		7A5C19ED2D00A2CA000D3AD7 /* Sources */ = {
			isa = PBXSourcesBuildPhase;
			buildActionMask = 2147483647;
			files = (
				7A5C19FC2D00A32A000D3AD7 /* HomeScreenSnapshotTest.swift in Sources */,
				7A5C1A0B2D00A4FA000D3AD7 /* ModuleUnitTest.swift in Sources */,
			);
			runOnlyForDeploymentPostprocessing = 0;
		};
		7AAC1F692CD28E84002C6042 /* Sources */ = {
			isa = PBXSourcesBuildPhase;
			buildActionMask = 2147483647;
			files = (
				7AC514212CD3F6E800F4E6AA /* LaunchLabApp.swift in Sources */,
				6E0715452D09B11F0054DECF /* Module-example.swift in Sources */,
			);
			runOnlyForDeploymentPostprocessing = 0;
		};
/* End PBXSourcesBuildPhase section */

/* Begin PBXTargetDependency section */
		7A184FD52D02E0A100F87E97 /* PBXTargetDependency */ = {
			isa = PBXTargetDependency;
			target = 7A184FC22D02E09F00F87E97 /* LLWidgetExtension */;
			targetProxy = 7A184FD42D02E0A100F87E97 /* PBXContainerItemProxy */;
		};
		7A5C19F62D00A2CA000D3AD7 /* PBXTargetDependency */ = {
			isa = PBXTargetDependency;
			target = 7AAC1F6C2CD28E84002C6042 /* LaunchLab */;
			targetProxy = 7A5C19F52D00A2CA000D3AD7 /* PBXContainerItemProxy */;
		};
/* End PBXTargetDependency section */

/* Begin XCBuildConfiguration section */
		7A184FD92D02E0A100F87E97 /* Debug */ = {
			isa = XCBuildConfiguration;
			buildSettings = {
				ASSETCATALOG_COMPILER_GLOBAL_ACCENT_COLOR_NAME = AccentColor;
				ASSETCATALOG_COMPILER_WIDGET_BACKGROUND_COLOR_NAME = WidgetBackground;
				CODE_SIGN_IDENTITY = "Apple Development";
				CODE_SIGN_STYLE = Automatic;
				CURRENT_PROJECT_VERSION = 1;
				DEVELOPMENT_TEAM = D6BN8JUT3H;
				GENERATE_INFOPLIST_FILE = YES;
				INFOPLIST_FILE = LLWidget/Info.plist;
				INFOPLIST_KEY_CFBundleDisplayName = LLWidget;
				INFOPLIST_KEY_NSHumanReadableCopyright = "";
				IPHONEOS_DEPLOYMENT_TARGET = 17.0;
				LD_RUNPATH_SEARCH_PATHS = (
					"$(inherited)",
					"@executable_path/Frameworks",
					"@executable_path/../../Frameworks",
				);
				MARKETING_VERSION = 1.0;
				PRODUCT_BUNDLE_IDENTIFIER = com.mlab.LaunchLab.LLWidget;
				PRODUCT_NAME = "$(TARGET_NAME)";
				SDKROOT = iphoneos;
				SKIP_INSTALL = YES;
				SUPPORTED_PLATFORMS = "iphoneos iphonesimulator";
				SUPPORTS_MACCATALYST = NO;
				SUPPORTS_MAC_DESIGNED_FOR_IPHONE_IPAD = NO;
				SUPPORTS_XR_DESIGNED_FOR_IPHONE_IPAD = NO;
				SWIFT_EMIT_LOC_STRINGS = YES;
				SWIFT_VERSION = 5.0;
				TARGETED_DEVICE_FAMILY = 1;
			};
			name = Debug;
		};
		7A184FDA2D02E0A100F87E97 /* Release */ = {
			isa = XCBuildConfiguration;
			buildSettings = {
				ASSETCATALOG_COMPILER_GLOBAL_ACCENT_COLOR_NAME = AccentColor;
				ASSETCATALOG_COMPILER_WIDGET_BACKGROUND_COLOR_NAME = WidgetBackground;
				CODE_SIGN_IDENTITY = "Apple Development";
				CODE_SIGN_STYLE = Automatic;
				CURRENT_PROJECT_VERSION = 1;
				DEVELOPMENT_TEAM = D6BN8JUT3H;
				GENERATE_INFOPLIST_FILE = YES;
				INFOPLIST_FILE = LLWidget/Info.plist;
				INFOPLIST_KEY_CFBundleDisplayName = LLWidget;
				INFOPLIST_KEY_NSHumanReadableCopyright = "";
				IPHONEOS_DEPLOYMENT_TARGET = 17.0;
				LD_RUNPATH_SEARCH_PATHS = (
					"$(inherited)",
					"@executable_path/Frameworks",
					"@executable_path/../../Frameworks",
				);
				MARKETING_VERSION = 1.0;
				PRODUCT_BUNDLE_IDENTIFIER = com.mlab.LaunchLab.LLWidget;
				PRODUCT_NAME = "$(TARGET_NAME)";
				SDKROOT = iphoneos;
				SKIP_INSTALL = YES;
				SUPPORTED_PLATFORMS = "iphoneos iphonesimulator";
				SUPPORTS_MACCATALYST = NO;
				SUPPORTS_MAC_DESIGNED_FOR_IPHONE_IPAD = NO;
				SUPPORTS_XR_DESIGNED_FOR_IPHONE_IPAD = NO;
				SWIFT_EMIT_LOC_STRINGS = YES;
				SWIFT_VERSION = 5.0;
				TARGETED_DEVICE_FAMILY = 1;
				VALIDATE_PRODUCT = YES;
			};
			name = Release;
		};
		7A5C19F82D00A2CA000D3AD7 /* Debug */ = {
			isa = XCBuildConfiguration;
			buildSettings = {
				BUNDLE_LOADER = "$(TEST_HOST)";
				CODE_SIGN_STYLE = Automatic;
				CURRENT_PROJECT_VERSION = 1;
				DEVELOPMENT_TEAM = D6BN8JUT3H;
				GENERATE_INFOPLIST_FILE = YES;
				IPHONEOS_DEPLOYMENT_TARGET = 17.0;
				MARKETING_VERSION = 1.0;
				PRODUCT_BUNDLE_IDENTIFIER = com.mlab.LaunchLabTests;
				PRODUCT_NAME = "$(TARGET_NAME)";
				SDKROOT = iphoneos;
				SUPPORTED_PLATFORMS = "iphoneos iphonesimulator";
				SUPPORTS_MACCATALYST = NO;
				SUPPORTS_MAC_DESIGNED_FOR_IPHONE_IPAD = NO;
				SUPPORTS_XR_DESIGNED_FOR_IPHONE_IPAD = NO;
				SWIFT_EMIT_LOC_STRINGS = NO;
				SWIFT_VERSION = 5.0;
				TARGETED_DEVICE_FAMILY = 1;
				TEST_HOST = "$(BUILT_PRODUCTS_DIR)/LaunchLab.app/$(BUNDLE_EXECUTABLE_FOLDER_PATH)/LaunchLab";
			};
			name = Debug;
		};
		7A5C19F92D00A2CA000D3AD7 /* Release */ = {
			isa = XCBuildConfiguration;
			buildSettings = {
				BUNDLE_LOADER = "$(TEST_HOST)";
				CODE_SIGN_STYLE = Automatic;
				CURRENT_PROJECT_VERSION = 1;
				DEVELOPMENT_TEAM = D6BN8JUT3H;
				GENERATE_INFOPLIST_FILE = YES;
				IPHONEOS_DEPLOYMENT_TARGET = 17.0;
				MARKETING_VERSION = 1.0;
				PRODUCT_BUNDLE_IDENTIFIER = com.mlab.LaunchLabTests;
				PRODUCT_NAME = "$(TARGET_NAME)";
				SDKROOT = iphoneos;
				SUPPORTED_PLATFORMS = "iphoneos iphonesimulator";
				SUPPORTS_MACCATALYST = NO;
				SUPPORTS_MAC_DESIGNED_FOR_IPHONE_IPAD = NO;
				SUPPORTS_XR_DESIGNED_FOR_IPHONE_IPAD = NO;
				SWIFT_EMIT_LOC_STRINGS = NO;
				SWIFT_VERSION = 5.0;
				TARGETED_DEVICE_FAMILY = 1;
				TEST_HOST = "$(BUILT_PRODUCTS_DIR)/LaunchLab.app/$(BUNDLE_EXECUTABLE_FOLDER_PATH)/LaunchLab";
				VALIDATE_PRODUCT = YES;
			};
			name = Release;
		};
		7AAC1F7A2CD28E86002C6042 /* Debug */ = {
			isa = XCBuildConfiguration;
			buildSettings = {
				ALWAYS_SEARCH_USER_PATHS = NO;
				ASSETCATALOG_COMPILER_GENERATE_SWIFT_ASSET_SYMBOL_EXTENSIONS = YES;
				CLANG_ANALYZER_NONNULL = YES;
				CLANG_ANALYZER_NUMBER_OBJECT_CONVERSION = YES_AGGRESSIVE;
				CLANG_CXX_LANGUAGE_STANDARD = "gnu++20";
				CLANG_ENABLE_MODULES = YES;
				CLANG_ENABLE_OBJC_ARC = YES;
				CLANG_ENABLE_OBJC_WEAK = YES;
				CLANG_WARN_BLOCK_CAPTURE_AUTORELEASING = YES;
				CLANG_WARN_BOOL_CONVERSION = YES;
				CLANG_WARN_COMMA = YES;
				CLANG_WARN_CONSTANT_CONVERSION = YES;
				CLANG_WARN_DEPRECATED_OBJC_IMPLEMENTATIONS = YES;
				CLANG_WARN_DIRECT_OBJC_ISA_USAGE = YES_ERROR;
				CLANG_WARN_DOCUMENTATION_COMMENTS = YES;
				CLANG_WARN_EMPTY_BODY = YES;
				CLANG_WARN_ENUM_CONVERSION = YES;
				CLANG_WARN_INFINITE_RECURSION = YES;
				CLANG_WARN_INT_CONVERSION = YES;
				CLANG_WARN_NON_LITERAL_NULL_CONVERSION = YES;
				CLANG_WARN_OBJC_IMPLICIT_RETAIN_SELF = YES;
				CLANG_WARN_OBJC_LITERAL_CONVERSION = YES;
				CLANG_WARN_OBJC_ROOT_CLASS = YES_ERROR;
				CLANG_WARN_QUOTED_INCLUDE_IN_FRAMEWORK_HEADER = YES;
				CLANG_WARN_RANGE_LOOP_ANALYSIS = YES;
				CLANG_WARN_STRICT_PROTOTYPES = YES;
				CLANG_WARN_SUSPICIOUS_MOVE = YES;
				CLANG_WARN_UNGUARDED_AVAILABILITY = YES_AGGRESSIVE;
				CLANG_WARN_UNREACHABLE_CODE = YES;
				CLANG_WARN__DUPLICATE_METHOD_MATCH = YES;
				COPY_PHASE_STRIP = NO;
				DEBUG_INFORMATION_FORMAT = dwarf;
				ENABLE_STRICT_OBJC_MSGSEND = YES;
				ENABLE_TESTABILITY = YES;
				ENABLE_USER_SCRIPT_SANDBOXING = YES;
				GCC_C_LANGUAGE_STANDARD = gnu17;
				GCC_DYNAMIC_NO_PIC = NO;
				GCC_NO_COMMON_BLOCKS = YES;
				GCC_OPTIMIZATION_LEVEL = 0;
				GCC_PREPROCESSOR_DEFINITIONS = (
					"DEBUG=1",
					"$(inherited)",
				);
				GCC_WARN_64_TO_32_BIT_CONVERSION = YES;
				GCC_WARN_ABOUT_RETURN_TYPE = YES_ERROR;
				GCC_WARN_UNDECLARED_SELECTOR = YES;
				GCC_WARN_UNINITIALIZED_AUTOS = YES_AGGRESSIVE;
				GCC_WARN_UNUSED_FUNCTION = YES;
				GCC_WARN_UNUSED_VARIABLE = YES;
				LOCALIZATION_PREFERS_STRING_CATALOGS = YES;
				MTL_ENABLE_DEBUG_INFO = INCLUDE_SOURCE;
				MTL_FAST_MATH = YES;
				ONLY_ACTIVE_ARCH = YES;
				SWIFT_ACTIVE_COMPILATION_CONDITIONS = "DEBUG $(inherited)";
				SWIFT_OPTIMIZATION_LEVEL = "-Onone";
			};
			name = Debug;
		};
		7AAC1F7B2CD28E86002C6042 /* Release */ = {
			isa = XCBuildConfiguration;
			buildSettings = {
				ALWAYS_SEARCH_USER_PATHS = NO;
				ASSETCATALOG_COMPILER_GENERATE_SWIFT_ASSET_SYMBOL_EXTENSIONS = YES;
				CLANG_ANALYZER_NONNULL = YES;
				CLANG_ANALYZER_NUMBER_OBJECT_CONVERSION = YES_AGGRESSIVE;
				CLANG_CXX_LANGUAGE_STANDARD = "gnu++20";
				CLANG_ENABLE_MODULES = YES;
				CLANG_ENABLE_OBJC_ARC = YES;
				CLANG_ENABLE_OBJC_WEAK = YES;
				CLANG_WARN_BLOCK_CAPTURE_AUTORELEASING = YES;
				CLANG_WARN_BOOL_CONVERSION = YES;
				CLANG_WARN_COMMA = YES;
				CLANG_WARN_CONSTANT_CONVERSION = YES;
				CLANG_WARN_DEPRECATED_OBJC_IMPLEMENTATIONS = YES;
				CLANG_WARN_DIRECT_OBJC_ISA_USAGE = YES_ERROR;
				CLANG_WARN_DOCUMENTATION_COMMENTS = YES;
				CLANG_WARN_EMPTY_BODY = YES;
				CLANG_WARN_ENUM_CONVERSION = YES;
				CLANG_WARN_INFINITE_RECURSION = YES;
				CLANG_WARN_INT_CONVERSION = YES;
				CLANG_WARN_NON_LITERAL_NULL_CONVERSION = YES;
				CLANG_WARN_OBJC_IMPLICIT_RETAIN_SELF = YES;
				CLANG_WARN_OBJC_LITERAL_CONVERSION = YES;
				CLANG_WARN_OBJC_ROOT_CLASS = YES_ERROR;
				CLANG_WARN_QUOTED_INCLUDE_IN_FRAMEWORK_HEADER = YES;
				CLANG_WARN_RANGE_LOOP_ANALYSIS = YES;
				CLANG_WARN_STRICT_PROTOTYPES = YES;
				CLANG_WARN_SUSPICIOUS_MOVE = YES;
				CLANG_WARN_UNGUARDED_AVAILABILITY = YES_AGGRESSIVE;
				CLANG_WARN_UNREACHABLE_CODE = YES;
				CLANG_WARN__DUPLICATE_METHOD_MATCH = YES;
				COPY_PHASE_STRIP = NO;
				DEBUG_INFORMATION_FORMAT = "dwarf-with-dsym";
				ENABLE_NS_ASSERTIONS = NO;
				ENABLE_STRICT_OBJC_MSGSEND = YES;
				ENABLE_USER_SCRIPT_SANDBOXING = YES;
				GCC_C_LANGUAGE_STANDARD = gnu17;
				GCC_NO_COMMON_BLOCKS = YES;
				GCC_WARN_64_TO_32_BIT_CONVERSION = YES;
				GCC_WARN_ABOUT_RETURN_TYPE = YES_ERROR;
				GCC_WARN_UNDECLARED_SELECTOR = YES;
				GCC_WARN_UNINITIALIZED_AUTOS = YES_AGGRESSIVE;
				GCC_WARN_UNUSED_FUNCTION = YES;
				GCC_WARN_UNUSED_VARIABLE = YES;
				LOCALIZATION_PREFERS_STRING_CATALOGS = YES;
				MTL_ENABLE_DEBUG_INFO = NO;
				MTL_FAST_MATH = YES;
				SWIFT_COMPILATION_MODE = wholemodule;
			};
			name = Release;
		};
		7AAC1F7D2CD28E86002C6042 /* Debug */ = {
			isa = XCBuildConfiguration;
			buildSettings = {
				ASSETCATALOG_COMPILER_APPICON_NAME = AppIcon;
				ASSETCATALOG_COMPILER_GLOBAL_ACCENT_COLOR_NAME = AccentColor;
				CODE_SIGN_ENTITLEMENTS = Configuration/LaunchLab.entitlements;
				CODE_SIGN_IDENTITY = "Apple Development";
				CODE_SIGN_STYLE = Automatic;
				CURRENT_PROJECT_VERSION = 1;
				DEVELOPMENT_ASSET_PATHS = "\"Configuration/Preview Content\"";
				DEVELOPMENT_TEAM = D6BN8JUT3H;
				ENABLE_HARDENED_RUNTIME = YES;
				ENABLE_PREVIEWS = YES;
				ENABLE_USER_SCRIPT_SANDBOXING = NO;
				GENERATE_INFOPLIST_FILE = YES;
				INFOPLIST_FILE = "LaunchLab-Info.plist";
				INFOPLIST_KEY_CFBundleDisplayName = LaunchLab;
				INFOPLIST_KEY_LSApplicationCategoryType = "public.app-category.business";
				"INFOPLIST_KEY_UIApplicationSceneManifest_Generation[sdk=iphoneos*]" = YES;
				"INFOPLIST_KEY_UIApplicationSceneManifest_Generation[sdk=iphonesimulator*]" = YES;
				"INFOPLIST_KEY_UIApplicationSupportsIndirectInputEvents[sdk=iphoneos*]" = YES;
				"INFOPLIST_KEY_UIApplicationSupportsIndirectInputEvents[sdk=iphonesimulator*]" = YES;
				"INFOPLIST_KEY_UILaunchScreen_Generation[sdk=iphoneos*]" = YES;
				"INFOPLIST_KEY_UILaunchScreen_Generation[sdk=iphonesimulator*]" = YES;
				"INFOPLIST_KEY_UIStatusBarStyle[sdk=iphoneos*]" = UIStatusBarStyleDefault;
				"INFOPLIST_KEY_UIStatusBarStyle[sdk=iphonesimulator*]" = UIStatusBarStyleDefault;
				INFOPLIST_KEY_UISupportedInterfaceOrientations = UIInterfaceOrientationPortrait;
				INFOPLIST_KEY_UISupportedInterfaceOrientations_iPad = "UIInterfaceOrientationLandscapeLeft UIInterfaceOrientationLandscapeRight UIInterfaceOrientationPortrait UIInterfaceOrientationPortraitUpsideDown";
				IPHONEOS_DEPLOYMENT_TARGET = 17.0;
				LD_RUNPATH_SEARCH_PATHS = "@executable_path/Frameworks";
				"LD_RUNPATH_SEARCH_PATHS[sdk=macosx*]" = "@executable_path/../Frameworks";
				MACOSX_DEPLOYMENT_TARGET = 15.1;
				MARKETING_VERSION = 1.0;
				PRODUCT_BUNDLE_IDENTIFIER = com.mlab.LaunchLab;
				PRODUCT_NAME = "$(TARGET_NAME)";
				PROVISIONING_PROFILE_SPECIFIER = "";
				SDKROOT = auto;
				SUPPORTED_PLATFORMS = "iphoneos iphonesimulator";
				SUPPORTS_MACCATALYST = NO;
				SWIFT_EMIT_LOC_STRINGS = YES;
				SWIFT_VERSION = 5.0;
				TARGETED_DEVICE_FAMILY = 1;
				XROS_DEPLOYMENT_TARGET = 2.1;
			};
			name = Debug;
		};
		7AAC1F7E2CD28E86002C6042 /* Release */ = {
			isa = XCBuildConfiguration;
			buildSettings = {
				ASSETCATALOG_COMPILER_APPICON_NAME = AppIcon;
				ASSETCATALOG_COMPILER_GLOBAL_ACCENT_COLOR_NAME = AccentColor;
				CODE_SIGN_ENTITLEMENTS = Configuration/LaunchLab.entitlements;
				CODE_SIGN_IDENTITY = "Apple Development";
				CODE_SIGN_STYLE = Automatic;
				CURRENT_PROJECT_VERSION = 1;
				DEVELOPMENT_ASSET_PATHS = "\"Configuration/Preview Content\"";
				DEVELOPMENT_TEAM = D6BN8JUT3H;
				ENABLE_HARDENED_RUNTIME = YES;
				ENABLE_PREVIEWS = YES;
				ENABLE_USER_SCRIPT_SANDBOXING = NO;
				GENERATE_INFOPLIST_FILE = YES;
				INFOPLIST_FILE = "LaunchLab-Info.plist";
				INFOPLIST_KEY_CFBundleDisplayName = LaunchLab;
				INFOPLIST_KEY_LSApplicationCategoryType = "public.app-category.business";
				"INFOPLIST_KEY_UIApplicationSceneManifest_Generation[sdk=iphoneos*]" = YES;
				"INFOPLIST_KEY_UIApplicationSceneManifest_Generation[sdk=iphonesimulator*]" = YES;
				"INFOPLIST_KEY_UIApplicationSupportsIndirectInputEvents[sdk=iphoneos*]" = YES;
				"INFOPLIST_KEY_UIApplicationSupportsIndirectInputEvents[sdk=iphonesimulator*]" = YES;
				"INFOPLIST_KEY_UILaunchScreen_Generation[sdk=iphoneos*]" = YES;
				"INFOPLIST_KEY_UILaunchScreen_Generation[sdk=iphonesimulator*]" = YES;
				"INFOPLIST_KEY_UIStatusBarStyle[sdk=iphoneos*]" = UIStatusBarStyleDefault;
				"INFOPLIST_KEY_UIStatusBarStyle[sdk=iphonesimulator*]" = UIStatusBarStyleDefault;
				INFOPLIST_KEY_UISupportedInterfaceOrientations = UIInterfaceOrientationPortrait;
				INFOPLIST_KEY_UISupportedInterfaceOrientations_iPad = "UIInterfaceOrientationLandscapeLeft UIInterfaceOrientationLandscapeRight UIInterfaceOrientationPortrait UIInterfaceOrientationPortraitUpsideDown";
				IPHONEOS_DEPLOYMENT_TARGET = 17.0;
				LD_RUNPATH_SEARCH_PATHS = "@executable_path/Frameworks";
				"LD_RUNPATH_SEARCH_PATHS[sdk=macosx*]" = "@executable_path/../Frameworks";
				MACOSX_DEPLOYMENT_TARGET = 15.1;
				MARKETING_VERSION = 1.0;
				PRODUCT_BUNDLE_IDENTIFIER = com.mlab.LaunchLab;
				PRODUCT_NAME = "$(TARGET_NAME)";
				PROVISIONING_PROFILE_SPECIFIER = "";
				SDKROOT = auto;
				SUPPORTED_PLATFORMS = "iphoneos iphonesimulator";
				SUPPORTS_MACCATALYST = NO;
				SWIFT_EMIT_LOC_STRINGS = YES;
				SWIFT_VERSION = 5.0;
				TARGETED_DEVICE_FAMILY = 1;
				XROS_DEPLOYMENT_TARGET = 2.1;
			};
			name = Release;
		};
/* End XCBuildConfiguration section */

/* Begin XCConfigurationList section */
		7A184FD82D02E0A100F87E97 /* Build configuration list for PBXNativeTarget "LLWidgetExtension" */ = {
			isa = XCConfigurationList;
			buildConfigurations = (
				7A184FD92D02E0A100F87E97 /* Debug */,
				7A184FDA2D02E0A100F87E97 /* Release */,
			);
			defaultConfigurationIsVisible = 0;
			defaultConfigurationName = Release;
		};
		7A5C19F72D00A2CA000D3AD7 /* Build configuration list for PBXNativeTarget "LaunchLabTests" */ = {
			isa = XCConfigurationList;
			buildConfigurations = (
				7A5C19F82D00A2CA000D3AD7 /* Debug */,
				7A5C19F92D00A2CA000D3AD7 /* Release */,
			);
			defaultConfigurationIsVisible = 0;
			defaultConfigurationName = Release;
		};
		7AAC1F682CD28E84002C6042 /* Build configuration list for PBXProject "Launchlab" */ = {
			isa = XCConfigurationList;
			buildConfigurations = (
				7AAC1F7A2CD28E86002C6042 /* Debug */,
				7AAC1F7B2CD28E86002C6042 /* Release */,
			);
			defaultConfigurationIsVisible = 0;
			defaultConfigurationName = Release;
		};
		7AAC1F7C2CD28E86002C6042 /* Build configuration list for PBXNativeTarget "LaunchLab" */ = {
			isa = XCConfigurationList;
			buildConfigurations = (
				7AAC1F7D2CD28E86002C6042 /* Debug */,
				7AAC1F7E2CD28E86002C6042 /* Release */,
			);
			defaultConfigurationIsVisible = 0;
			defaultConfigurationName = Release;
		};
/* End XCConfigurationList section */

/* Begin XCRemoteSwiftPackageReference section */
		7A5C19E82D00A26E000D3AD7 /* XCRemoteSwiftPackageReference "swift-snapshot-testing" */ = {
			isa = XCRemoteSwiftPackageReference;
			repositoryURL = "https://github.com/pointfreeco/swift-snapshot-testing.git";
			requirement = {
				kind = upToNextMajorVersion;
				minimumVersion = 1.17.6;
			};
		};
		7A750C932CE93DF3005EA71B /* XCRemoteSwiftPackageReference "SwiftfulRouting" */ = {
			isa = XCRemoteSwiftPackageReference;
			repositoryURL = "https://github.com/SwiftfulThinking/SwiftfulRouting.git";
			requirement = {
				kind = upToNextMajorVersion;
				minimumVersion = 5.3.6;
			};
		};
/* End XCRemoteSwiftPackageReference section */

/* Begin XCSwiftPackageProductDependency section */
		7A184FDC2D02E4D400F87E97 /* Data */ = {
			isa = XCSwiftPackageProductDependency;
			productName = Data;
		};
		7A5C19FD2D00A362000D3AD7 /* Data */ = {
			isa = XCSwiftPackageProductDependency;
			productName = Data;
		};
		7A5C19FF2D00A36C000D3AD7 /* InlineSnapshotTesting */ = {
			isa = XCSwiftPackageProductDependency;
			package = 7A5C19E82D00A26E000D3AD7 /* XCRemoteSwiftPackageReference "swift-snapshot-testing" */;
			productName = InlineSnapshotTesting;
		};
		7A5C1A012D00A36C000D3AD7 /* SnapshotTesting */ = {
			isa = XCSwiftPackageProductDependency;
			package = 7A5C19E82D00A26E000D3AD7 /* XCRemoteSwiftPackageReference "swift-snapshot-testing" */;
			productName = SnapshotTesting;
		};
		7A7306E62CD4E2B400DBABD9 /* Styleguide */ = {
			isa = XCSwiftPackageProductDependency;
			productName = Styleguide;
		};
		7A7306E82CD4E2B400DBABD9 /* UIComponents */ = {
			isa = XCSwiftPackageProductDependency;
			productName = UIComponents;
		};
		7A750C942CE93DF3005EA71B /* SwiftfulRouting */ = {
			isa = XCSwiftPackageProductDependency;
			package = 7A750C932CE93DF3005EA71B /* XCRemoteSwiftPackageReference "SwiftfulRouting" */;
			productName = SwiftfulRouting;
		};
		7AA1C6AC2CF8B77B00949B69 /* LLExtensions */ = {
			isa = XCSwiftPackageProductDependency;
			productName = LLExtensions;
		};
		7AD9EFAA2CF999A600FF0BDD /* Data */ = {
			isa = XCSwiftPackageProductDependency;
			productName = Data;
		};
/* End XCSwiftPackageProductDependency section */
	};
	rootObject = 7AAC1F652CD28E84002C6042 /* Project object */;
}
